
Microsoft Visual Studio Solution File, Format Version 12.00
# Visual Studio Version 17
VisualStudioVersion = 17.0.31903.59
MinimumVisualStudioVersion = 10.0.40219.1
Project("{FAE04EC0-301F-11D3-BF4B-00C04F79EFBC}") = "Domain", "Domain\Domain.csproj", "{C85315C5-7671-46E2-9ABD-3C9A733B3381}"
EndProject
Project("{FAE04EC0-301F-11D3-BF4B-00C04F79EFBC}") = "Persistence", "Persistence\Persistence.csproj", "{138D8413-EA5A-48C8-95FA-E8BEB9FFA561}"
EndProject
Project("{FAE04EC0-301F-11D3-BF4B-00C04F79EFBC}") = "Application", "Application\Application.csproj", "{C1F1BB85-2627-4B56-8E77-4C69727AEDA4}"
EndProject
Project("{FAE04EC0-301F-11D3-BF4B-00C04F79EFBC}") = "Api", "Api\Api.csproj", "{711F08C2-CC74-41BA-8AEC-3AAE6D1432BD}"
EndProject
Project("{FAE04EC0-301F-11D3-BF4B-00C04F79EFBC}") = "Tests", "Tests\Tests.csproj", "{00E24B54-2AC7-4A3A-8A76-9C51248547AF}"
EndProject
Project("{2150E333-8FDC-42A3-9474-1A3956D46DE8}") = "Search", "Search", "{36DC9AA4-00C0-245B-9AD9-D200FD869759}"
EndProject
Project("{FAE04EC0-301F-11D3-BF4B-00C04F79EFBC}") = "Search.Abstractions", "Search\Search.Abstractions\Search.Abstractions.csproj", "{5C4E934D-E851-410E-A422-83D4BCC61CBB}"
EndProject
Project("{FAE04EC0-301F-11D3-BF4B-00C04F79EFBC}") = "Search.Variant1.Pagination", "Search\Search.Variant1.Pagination\Search.Variant1.Pagination.csproj", "{AB468F41-1729-4998-AEBA-64369F330B15}"
EndProject
Project("{FAE04EC0-301F-11D3-BF4B-00C04F79EFBC}") = "Search.Variant2_1.LevenshteinBasic", "Search\Search.Variant2_1.LevenshteinBasic\Search.Variant2_1.LevenshteinBasic.csproj", "{26E73602-667C-4D41-A15A-829ABF3CB400}"
EndProject
Project("{FAE04EC0-301F-11D3-BF4B-00C04F79EFBC}") = "Search.Variant2_2.LevenshteinStack", "Search\Search.Variant2_2.LevenshteinStack\Search.Variant2_2.LevenshteinStack.csproj", "{4FA7802D-DE92-4103-A5F7-19E0F0917A54}"
EndProject
Project("{FAE04EC0-301F-11D3-BF4B-00C04F79EFBC}") = "Search.Variant3_1.DamerauBasic", "Search\Search.Variant3_1.DamerauBasic\Search.Variant3_1.DamerauBasic.csproj", "{E113C37E-484D-4B75-80C9-10CB6087DE4E}"
EndProject
Project("{FAE04EC0-301F-11D3-BF4B-00C04F79EFBC}") = "Search.Variant3_2.DamerauStack", "Search\Search.Variant3_2.DamerauStack\Search.Variant3_2.DamerauStack.csproj", "{F2082B33-BA00-4241-90B8-E9BF331AD309}"
EndProject
Project("{FAE04EC0-301F-11D3-BF4B-00C04F79EFBC}") = "Search.Variant3_3.DamerauBitmap", "Search\Search.Variant3_3.DamerauBitmap\Search.Variant3_3.DamerauBitmap.csproj", "{2A380483-BBAA-466A-99C3-46230E3A4890}"
EndProject
Project("{FAE04EC0-301F-11D3-BF4B-00C04F79EFBC}") = "Search.Variant4.FstAutomaton", "Search\Search.Variant4.FstAutomaton\Search.Variant4.FstAutomaton.csproj", "{51712F4E-7ED1-4A78-842D-F93393C20FF2}"
EndProject
Global
	GlobalSection(SolutionConfigurationPlatforms) = preSolution
		Debug|Any CPU = Debug|Any CPU
		Debug|x64 = Debug|x64
		Debug|x86 = Debug|x86
		Release|Any CPU = Release|Any CPU
		Release|x64 = Release|x64
		Release|x86 = Release|x86
	EndGlobalSection
	GlobalSection(ProjectConfigurationPlatforms) = postSolution
		{C85315C5-7671-46E2-9ABD-3C9A733B3381}.Debug|Any CPU.ActiveCfg = Debug|Any CPU
		{C85315C5-7671-46E2-9ABD-3C9A733B3381}.Debug|Any CPU.Build.0 = Debug|Any CPU
		{C85315C5-7671-46E2-9ABD-3C9A733B3381}.Debug|x64.ActiveCfg = Debug|Any CPU
		{C85315C5-7671-46E2-9ABD-3C9A733B3381}.Debug|x64.Build.0 = Debug|Any CPU
		{C85315C5-7671-46E2-9ABD-3C9A733B3381}.Debug|x86.ActiveCfg = Debug|Any CPU
		{C85315C5-7671-46E2-9ABD-3C9A733B3381}.Debug|x86.Build.0 = Debug|Any CPU
		{C85315C5-7671-46E2-9ABD-3C9A733B3381}.Release|Any CPU.ActiveCfg = Release|Any CPU
		{C85315C5-7671-46E2-9ABD-3C9A733B3381}.Release|Any CPU.Build.0 = Release|Any CPU
		{C85315C5-7671-46E2-9ABD-3C9A733B3381}.Release|x64.ActiveCfg = Release|Any CPU
		{C85315C5-7671-46E2-9ABD-3C9A733B3381}.Release|x64.Build.0 = Release|Any CPU
		{C85315C5-7671-46E2-9ABD-3C9A733B3381}.Release|x86.ActiveCfg = Release|Any CPU
		{C85315C5-7671-46E2-9ABD-3C9A733B3381}.Release|x86.Build.0 = Release|Any CPU
		{138D8413-EA5A-48C8-95FA-E8BEB9FFA561}.Debug|Any CPU.ActiveCfg = Debug|Any CPU
		{138D8413-EA5A-48C8-95FA-E8BEB9FFA561}.Debug|Any CPU.Build.0 = Debug|Any CPU
		{138D8413-EA5A-48C8-95FA-E8BEB9FFA561}.Debug|x64.ActiveCfg = Debug|Any CPU
		{138D8413-EA5A-48C8-95FA-E8BEB9FFA561}.Debug|x64.Build.0 = Debug|Any CPU
		{138D8413-EA5A-48C8-95FA-E8BEB9FFA561}.Debug|x86.ActiveCfg = Debug|Any CPU
		{138D8413-EA5A-48C8-95FA-E8BEB9FFA561}.Debug|x86.Build.0 = Debug|Any CPU
		{138D8413-EA5A-48C8-95FA-E8BEB9FFA561}.Release|Any CPU.ActiveCfg = Release|Any CPU
		{138D8413-EA5A-48C8-95FA-E8BEB9FFA561}.Release|Any CPU.Build.0 = Release|Any CPU
		{138D8413-EA5A-48C8-95FA-E8BEB9FFA561}.Release|x64.ActiveCfg = Release|Any CPU
		{138D8413-EA5A-48C8-95FA-E8BEB9FFA561}.Release|x64.Build.0 = Release|Any CPU
		{138D8413-EA5A-48C8-95FA-E8BEB9FFA561}.Release|x86.ActiveCfg = Release|Any CPU
		{138D8413-EA5A-48C8-95FA-E8BEB9FFA561}.Release|x86.Build.0 = Release|Any CPU
		{C1F1BB85-2627-4B56-8E77-4C69727AEDA4}.Debug|Any CPU.ActiveCfg = Debug|Any CPU
		{C1F1BB85-2627-4B56-8E77-4C69727AEDA4}.Debug|Any CPU.Build.0 = Debug|Any CPU
		{C1F1BB85-2627-4B56-8E77-4C69727AEDA4}.Debug|x64.ActiveCfg = Debug|Any CPU
		{C1F1BB85-2627-4B56-8E77-4C69727AEDA4}.Debug|x64.Build.0 = Debug|Any CPU
		{C1F1BB85-2627-4B56-8E77-4C69727AEDA4}.Debug|x86.ActiveCfg = Debug|Any CPU
		{C1F1BB85-2627-4B56-8E77-4C69727AEDA4}.Debug|x86.Build.0 = Debug|Any CPU
		{C1F1BB85-2627-4B56-8E77-4C69727AEDA4}.Release|Any CPU.ActiveCfg = Release|Any CPU
		{C1F1BB85-2627-4B56-8E77-4C69727AEDA4}.Release|Any CPU.Build.0 = Release|Any CPU
		{C1F1BB85-2627-4B56-8E77-4C69727AEDA4}.Release|x64.ActiveCfg = Release|Any CPU
		{C1F1BB85-2627-4B56-8E77-4C69727AEDA4}.Release|x64.Build.0 = Release|Any CPU
		{C1F1BB85-2627-4B56-8E77-4C69727AEDA4}.Release|x86.ActiveCfg = Release|Any CPU
		{C1F1BB85-2627-4B56-8E77-4C69727AEDA4}.Release|x86.Build.0 = Release|Any CPU
		{711F08C2-CC74-41BA-8AEC-3AAE6D1432BD}.Debug|Any CPU.ActiveCfg = Debug|Any CPU
		{711F08C2-CC74-41BA-8AEC-3AAE6D1432BD}.Debug|Any CPU.Build.0 = Debug|Any CPU
		{711F08C2-CC74-41BA-8AEC-3AAE6D1432BD}.Debug|x64.ActiveCfg = Debug|Any CPU
		{711F08C2-CC74-41BA-8AEC-3AAE6D1432BD}.Debug|x64.Build.0 = Debug|Any CPU
		{711F08C2-CC74-41BA-8AEC-3AAE6D1432BD}.Debug|x86.ActiveCfg = Debug|Any CPU
		{711F08C2-CC74-41BA-8AEC-3AAE6D1432BD}.Debug|x86.Build.0 = Debug|Any CPU
		{711F08C2-CC74-41BA-8AEC-3AAE6D1432BD}.Release|Any CPU.ActiveCfg = Release|Any CPU
		{711F08C2-CC74-41BA-8AEC-3AAE6D1432BD}.Release|Any CPU.Build.0 = Release|Any CPU
		{711F08C2-CC74-41BA-8AEC-3AAE6D1432BD}.Release|x64.ActiveCfg = Release|Any CPU
		{711F08C2-CC74-41BA-8AEC-3AAE6D1432BD}.Release|x64.Build.0 = Release|Any CPU
		{711F08C2-CC74-41BA-8AEC-3AAE6D1432BD}.Release|x86.ActiveCfg = Release|Any CPU
		{711F08C2-CC74-41BA-8AEC-3AAE6D1432BD}.Release|x86.Build.0 = Release|Any CPU
		{00E24B54-2AC7-4A3A-8A76-9C51248547AF}.Debug|Any CPU.ActiveCfg = Debug|Any CPU
		{00E24B54-2AC7-4A3A-8A76-9C51248547AF}.Debug|Any CPU.Build.0 = Debug|Any CPU
		{00E24B54-2AC7-4A3A-8A76-9C51248547AF}.Debug|x64.ActiveCfg = Debug|Any CPU
		{00E24B54-2AC7-4A3A-8A76-9C51248547AF}.Debug|x64.Build.0 = Debug|Any CPU
		{00E24B54-2AC7-4A3A-8A76-9C51248547AF}.Debug|x86.ActiveCfg = Debug|Any CPU
		{00E24B54-2AC7-4A3A-8A76-9C51248547AF}.Debug|x86.Build.0 = Debug|Any CPU
		{00E24B54-2AC7-4A3A-8A76-9C51248547AF}.Release|Any CPU.ActiveCfg = Release|Any CPU
		{00E24B54-2AC7-4A3A-8A76-9C51248547AF}.Release|Any CPU.Build.0 = Release|Any CPU
		{00E24B54-2AC7-4A3A-8A76-9C51248547AF}.Release|x64.ActiveCfg = Release|Any CPU
		{00E24B54-2AC7-4A3A-8A76-9C51248547AF}.Release|x64.Build.0 = Release|Any CPU
		{00E24B54-2AC7-4A3A-8A76-9C51248547AF}.Release|x86.ActiveCfg = Release|Any CPU
		{00E24B54-2AC7-4A3A-8A76-9C51248547AF}.Release|x86.Build.0 = Release|Any CPU
		{5C4E934D-E851-410E-A422-83D4BCC61CBB}.Debug|Any CPU.ActiveCfg = Debug|Any CPU
		{5C4E934D-E851-410E-A422-83D4BCC61CBB}.Debug|Any CPU.Build.0 = Debug|Any CPU
		{5C4E934D-E851-410E-A422-83D4BCC61CBB}.Debug|x64.ActiveCfg = Debug|Any CPU
		{5C4E934D-E851-410E-A422-83D4BCC61CBB}.Debug|x64.Build.0 = Debug|Any CPU
		{5C4E934D-E851-410E-A422-83D4BCC61CBB}.Debug|x86.ActiveCfg = Debug|Any CPU
		{5C4E934D-E851-410E-A422-83D4BCC61CBB}.Debug|x86.Build.0 = Debug|Any CPU
		{5C4E934D-E851-410E-A422-83D4BCC61CBB}.Release|Any CPU.ActiveCfg = Release|Any CPU
		{5C4E934D-E851-410E-A422-83D4BCC61CBB}.Release|Any CPU.Build.0 = Release|Any CPU
		{5C4E934D-E851-410E-A422-83D4BCC61CBB}.Release|x64.ActiveCfg = Release|Any CPU
		{5C4E934D-E851-410E-A422-83D4BCC61CBB}.Release|x64.Build.0 = Release|Any CPU
		{5C4E934D-E851-410E-A422-83D4BCC61CBB}.Release|x86.ActiveCfg = Release|Any CPU
		{5C4E934D-E851-410E-A422-83D4BCC61CBB}.Release|x86.Build.0 = Release|Any CPU
		{AB468F41-1729-4998-AEBA-64369F330B15}.Debug|Any CPU.ActiveCfg = Debug|Any CPU
		{AB468F41-1729-4998-AEBA-64369F330B15}.Debug|Any CPU.Build.0 = Debug|Any CPU
		{AB468F41-1729-4998-AEBA-64369F330B15}.Debug|x64.ActiveCfg = Debug|Any CPU
		{AB468F41-1729-4998-AEBA-64369F330B15}.Debug|x64.Build.0 = Debug|Any CPU
		{AB468F41-1729-4998-AEBA-64369F330B15}.Debug|x86.ActiveCfg = Debug|Any CPU
		{AB468F41-1729-4998-AEBA-64369F330B15}.Debug|x86.Build.0 = Debug|Any CPU
		{AB468F41-1729-4998-AEBA-64369F330B15}.Release|Any CPU.ActiveCfg = Release|Any CPU
		{AB468F41-1729-4998-AEBA-64369F330B15}.Release|Any CPU.Build.0 = Release|Any CPU
		{AB468F41-1729-4998-AEBA-64369F330B15}.Release|x64.ActiveCfg = Release|Any CPU
		{AB468F41-1729-4998-AEBA-64369F330B15}.Release|x64.Build.0 = Release|Any CPU
		{AB468F41-1729-4998-AEBA-64369F330B15}.Release|x86.ActiveCfg = Release|Any CPU
		{AB468F41-1729-4998-AEBA-64369F330B15}.Release|x86.Build.0 = Release|Any CPU
		{26E73602-667C-4D41-A15A-829ABF3CB400}.Debug|Any CPU.ActiveCfg = Debug|Any CPU
		{26E73602-667C-4D41-A15A-829ABF3CB400}.Debug|Any CPU.Build.0 = Debug|Any CPU
		{26E73602-667C-4D41-A15A-829ABF3CB400}.Debug|x64.ActiveCfg = Debug|Any CPU
		{26E73602-667C-4D41-A15A-829ABF3CB400}.Debug|x64.Build.0 = Debug|Any CPU
		{26E73602-667C-4D41-A15A-829ABF3CB400}.Debug|x86.ActiveCfg = Debug|Any CPU
		{26E73602-667C-4D41-A15A-829ABF3CB400}.Debug|x86.Build.0 = Debug|Any CPU
		{26E73602-667C-4D41-A15A-829ABF3CB400}.Release|Any CPU.ActiveCfg = Release|Any CPU
		{26E73602-667C-4D41-A15A-829ABF3CB400}.Release|Any CPU.Build.0 = Release|Any CPU
		{26E73602-667C-4D41-A15A-829ABF3CB400}.Release|x64.ActiveCfg = Release|Any CPU
		{26E73602-667C-4D41-A15A-829ABF3CB400}.Release|x64.Build.0 = Release|Any CPU
		{26E73602-667C-4D41-A15A-829ABF3CB400}.Release|x86.ActiveCfg = Release|Any CPU
		{26E73602-667C-4D41-A15A-829ABF3CB400}.Release|x86.Build.0 = Release|Any CPU
		{4FA7802D-DE92-4103-A5F7-19E0F0917A54}.Debug|Any CPU.ActiveCfg = Debug|Any CPU
		{4FA7802D-DE92-4103-A5F7-19E0F0917A54}.Debug|Any CPU.Build.0 = Debug|Any CPU
		{4FA7802D-DE92-4103-A5F7-19E0F0917A54}.Debug|x64.ActiveCfg = Debug|Any CPU
		{4FA7802D-DE92-4103-A5F7-19E0F0917A54}.Debug|x64.Build.0 = Debug|Any CPU
		{4FA7802D-DE92-4103-A5F7-19E0F0917A54}.Debug|x86.ActiveCfg = Debug|Any CPU
		{4FA7802D-DE92-4103-A5F7-19E0F0917A54}.Debug|x86.Build.0 = Debug|Any CPU
		{4FA7802D-DE92-4103-A5F7-19E0F0917A54}.Release|Any CPU.ActiveCfg = Release|Any CPU
		{4FA7802D-DE92-4103-A5F7-19E0F0917A54}.Release|Any CPU.Build.0 = Release|Any CPU
		{4FA7802D-DE92-4103-A5F7-19E0F0917A54}.Release|x64.ActiveCfg = Release|Any CPU
		{4FA7802D-DE92-4103-A5F7-19E0F0917A54}.Release|x64.Build.0 = Release|Any CPU
		{4FA7802D-DE92-4103-A5F7-19E0F0917A54}.Release|x86.ActiveCfg = Release|Any CPU
		{4FA7802D-DE92-4103-A5F7-19E0F0917A54}.Release|x86.Build.0 = Release|Any CPU
		{E113C37E-484D-4B75-80C9-10CB6087DE4E}.Debug|Any CPU.ActiveCfg = Debug|Any CPU
		{E113C37E-484D-4B75-80C9-10CB6087DE4E}.Debug|Any CPU.Build.0 = Debug|Any CPU
		{E113C37E-484D-4B75-80C9-10CB6087DE4E}.Debug|x64.ActiveCfg = Debug|Any CPU
		{E113C37E-484D-4B75-80C9-10CB6087DE4E}.Debug|x64.Build.0 = Debug|Any CPU
		{E113C37E-484D-4B75-80C9-10CB6087DE4E}.Debug|x86.ActiveCfg = Debug|Any CPU
		{E113C37E-484D-4B75-80C9-10CB6087DE4E}.Debug|x86.Build.0 = Debug|Any CPU
		{E113C37E-484D-4B75-80C9-10CB6087DE4E}.Release|Any CPU.ActiveCfg = Release|Any CPU
		{E113C37E-484D-4B75-80C9-10CB6087DE4E}.Release|Any CPU.Build.0 = Release|Any CPU
		{E113C37E-484D-4B75-80C9-10CB6087DE4E}.Release|x64.ActiveCfg = Release|Any CPU
		{E113C37E-484D-4B75-80C9-10CB6087DE4E}.Release|x64.Build.0 = Release|Any CPU
		{E113C37E-484D-4B75-80C9-10CB6087DE4E}.Release|x86.ActiveCfg = Release|Any CPU
		{E113C37E-484D-4B75-80C9-10CB6087DE4E}.Release|x86.Build.0 = Release|Any CPU
		{F2082B33-BA00-4241-90B8-E9BF331AD309}.Debug|Any CPU.ActiveCfg = Debug|Any CPU
		{F2082B33-BA00-4241-90B8-E9BF331AD309}.Debug|Any CPU.Build.0 = Debug|Any CPU
		{F2082B33-BA00-4241-90B8-E9BF331AD309}.Debug|x64.ActiveCfg = Debug|Any CPU
		{F2082B33-BA00-4241-90B8-E9BF331AD309}.Debug|x64.Build.0 = Debug|Any CPU
		{F2082B33-BA00-4241-90B8-E9BF331AD309}.Debug|x86.ActiveCfg = Debug|Any CPU
		{F2082B33-BA00-4241-90B8-E9BF331AD309}.Debug|x86.Build.0 = Debug|Any CPU
		{F2082B33-BA00-4241-90B8-E9BF331AD309}.Release|Any CPU.ActiveCfg = Release|Any CPU
		{F2082B33-BA00-4241-90B8-E9BF331AD309}.Release|Any CPU.Build.0 = Release|Any CPU
		{F2082B33-BA00-4241-90B8-E9BF331AD309}.Release|x64.ActiveCfg = Release|Any CPU
		{F2082B33-BA00-4241-90B8-E9BF331AD309}.Release|x64.Build.0 = Release|Any CPU
		{F2082B33-BA00-4241-90B8-E9BF331AD309}.Release|x86.ActiveCfg = Release|Any CPU
		{F2082B33-BA00-4241-90B8-E9BF331AD309}.Release|x86.Build.0 = Release|Any CPU
		{2A380483-BBAA-466A-99C3-46230E3A4890}.Debug|Any CPU.ActiveCfg = Debug|Any CPU
		{2A380483-BBAA-466A-99C3-46230E3A4890}.Debug|Any CPU.Build.0 = Debug|Any CPU
		{2A380483-BBAA-466A-99C3-46230E3A4890}.Debug|x64.ActiveCfg = Debug|Any CPU
		{2A380483-BBAA-466A-99C3-46230E3A4890}.Debug|x64.Build.0 = Debug|Any CPU
		{2A380483-BBAA-466A-99C3-46230E3A4890}.Debug|x86.ActiveCfg = Debug|Any CPU
		{2A380483-BBAA-466A-99C3-46230E3A4890}.Debug|x86.Build.0 = Debug|Any CPU
		{2A380483-BBAA-466A-99C3-46230E3A4890}.Release|Any CPU.ActiveCfg = Release|Any CPU
		{2A380483-BBAA-466A-99C3-46230E3A4890}.Release|Any CPU.Build.0 = Release|Any CPU
		{2A380483-BBAA-466A-99C3-46230E3A4890}.Release|x64.ActiveCfg = Release|Any CPU
		{2A380483-BBAA-466A-99C3-46230E3A4890}.Release|x64.Build.0 = Release|Any CPU
		{2A380483-BBAA-466A-99C3-46230E3A4890}.Release|x86.ActiveCfg = Release|Any CPU
		{2A380483-BBAA-466A-99C3-46230E3A4890}.Release|x86.Build.0 = Release|Any CPU
		{51712F4E-7ED1-4A78-842D-F93393C20FF2}.Debug|Any CPU.ActiveCfg = Debug|Any CPU
		{51712F4E-7ED1-4A78-842D-F93393C20FF2}.Debug|Any CPU.Build.0 = Debug|Any CPU
		{51712F4E-7ED1-4A78-842D-F93393C20FF2}.Debug|x64.ActiveCfg = Debug|Any CPU
		{51712F4E-7ED1-4A78-842D-F93393C20FF2}.Debug|x64.Build.0 = Debug|Any CPU
		{51712F4E-7ED1-4A78-842D-F93393C20FF2}.Debug|x86.ActiveCfg = Debug|Any CPU
		{51712F4E-7ED1-4A78-842D-F93393C20FF2}.Debug|x86.Build.0 = Debug|Any CPU
		{51712F4E-7ED1-4A78-842D-F93393C20FF2}.Release|Any CPU.ActiveCfg = Release|Any CPU
		{51712F4E-7ED1-4A78-842D-F93393C20FF2}.Release|Any CPU.Build.0 = Release|Any CPU
		{51712F4E-7ED1-4A78-842D-F93393C20FF2}.Release|x64.ActiveCfg = Release|Any CPU
		{51712F4E-7ED1-4A78-842D-F93393C20FF2}.Release|x64.Build.0 = Release|Any CPU
		{51712F4E-7ED1-4A78-842D-F93393C20FF2}.Release|x86.ActiveCfg = Release|Any CPU
		{51712F4E-7ED1-4A78-842D-F93393C20FF2}.Release|x86.Build.0 = Release|Any CPU
	EndGlobalSection
	GlobalSection(SolutionProperties) = preSolution
		HideSolutionNode = FALSE
	EndGlobalSection
	GlobalSection(NestedProjects) = preSolution
		{5C4E934D-E851-410E-A422-83D4BCC61CBB} = {36DC9AA4-00C0-245B-9AD9-D200FD869759}
		{AB468F41-1729-4998-AEBA-64369F330B15} = {36DC9AA4-00C0-245B-9AD9-D200FD869759}
		{26E73602-667C-4D41-A15A-829ABF3CB400} = {36DC9AA4-00C0-245B-9AD9-D200FD869759}
		{4FA7802D-DE92-4103-A5F7-19E0F0917A54} = {36DC9AA4-00C0-245B-9AD9-D200FD869759}
		{E113C37E-484D-4B75-80C9-10CB6087DE4E} = {36DC9AA4-00C0-245B-9AD9-D200FD869759}
		{F2082B33-BA00-4241-90B8-E9BF331AD309} = {36DC9AA4-00C0-245B-9AD9-D200FD869759}
		{2A380483-BBAA-466A-99C3-46230E3A4890} = {36DC9AA4-00C0-245B-9AD9-D200FD869759}
		{51712F4E-7ED1-4A78-842D-F93393C20FF2} = {36DC9AA4-00C0-245B-9AD9-D200FD869759}
	EndGlobalSection
EndGlobal
